// !$*UTF8*$!
{
	archiveVersion = 1;
	classes = {
	};
	objectVersion = 55;
	objects = {

/* Begin PBXBuildFile section */
		3DF1F8A8279CFAA800A7CE4D /* WordScrambleApp.swift in Sources */ = {isa = PBXBuildFile; fileRef = 3DF1F8A7279CFAA800A7CE4D /* WordScrambleApp.swift */; };
		3DF1F8AA279CFAA800A7CE4D /* ContentView.swift in Sources */ = {isa = PBXBuildFile; fileRef = 3DF1F8A9279CFAA800A7CE4D /* ContentView.swift */; };
		3DF1F8AC279CFAA900A7CE4D /* Assets.xcassets in Resources */ = {isa = PBXBuildFile; fileRef = 3DF1F8AB279CFAA900A7CE4D /* Assets.xcassets */; };
		3DF1F8AF279CFAA900A7CE4D /* Preview Assets.xcassets in Resources */ = {isa = PBXBuildFile; fileRef = 3DF1F8AE279CFAA900A7CE4D /* Preview Assets.xcassets */; };
		3DF1F8B9279CFAAA00A7CE4D /* WordScrambleTests.swift in Sources */ = {isa = PBXBuildFile; fileRef = 3DF1F8B8279CFAAA00A7CE4D /* WordScrambleTests.swift */; };
		3DF1F8C3279CFAAA00A7CE4D /* WordScrambleUITests.swift in Sources */ = {isa = PBXBuildFile; fileRef = 3DF1F8C2279CFAAA00A7CE4D /* WordScrambleUITests.swift */; };
		3DF1F8C5279CFAAA00A7CE4D /* WordScrambleUITestsLaunchTests.swift in Sources */ = {isa = PBXBuildFile; fileRef = 3DF1F8C4279CFAAA00A7CE4D /* WordScrambleUITestsLaunchTests.swift */; };
		3DF1F8D2279CFBF500A7CE4D /* start.txt in Resources */ = {isa = PBXBuildFile; fileRef = 3DF1F8D1279CFBF500A7CE4D /* start.txt */; };
/* End PBXBuildFile section */

/* Begin PBXContainerItemProxy section */
		3DF1F8B5279CFAAA00A7CE4D /* PBXContainerItemProxy */ = {
			isa = PBXContainerItemProxy;
			containerPortal = 3DF1F89C279CFAA800A7CE4D /* Project object */;
			proxyType = 1;
			remoteGlobalIDString = 3DF1F8A3279CFAA800A7CE4D;
			remoteInfo = WordScramble;
		};
		3DF1F8BF279CFAAA00A7CE4D /* PBXContainerItemProxy */ = {
			isa = PBXContainerItemProxy;
			containerPortal = 3DF1F89C279CFAA800A7CE4D /* Project object */;
			proxyType = 1;
			remoteGlobalIDString = 3DF1F8A3279CFAA800A7CE4D;
			remoteInfo = WordScramble;
		};
/* End PBXContainerItemProxy section */

/* Begin PBXFileReference section */
		3DF1F8A4279CFAA800A7CE4D /* WordScramble.app */ = {isa = PBXFileReference; explicitFileType = wrapper.application; includeInIndex = 0; path = WordScramble.app; sourceTree = BUILT_PRODUCTS_DIR; };
		3DF1F8A7279CFAA800A7CE4D /* WordScrambleApp.swift */ = {isa = PBXFileReference; lastKnownFileType = sourcecode.swift; path = WordScrambleApp.swift; sourceTree = "<group>"; };
		3DF1F8A9279CFAA800A7CE4D /* ContentView.swift */ = {isa = PBXFileReference; lastKnownFileType = sourcecode.swift; path = ContentView.swift; sourceTree = "<group>"; };
		3DF1F8AB279CFAA900A7CE4D /* Assets.xcassets */ = {isa = PBXFileReference; lastKnownFileType = folder.assetcatalog; path = Assets.xcassets; sourceTree = "<group>"; };
		3DF1F8AE279CFAA900A7CE4D /* Preview Assets.xcassets */ = {isa = PBXFileReference; lastKnownFileType = folder.assetcatalog; path = "Preview Assets.xcassets"; sourceTree = "<group>"; };
		3DF1F8B4279CFAAA00A7CE4D /* WordScrambleTests.xctest */ = {isa = PBXFileReference; explicitFileType = wrapper.cfbundle; includeInIndex = 0; path = WordScrambleTests.xctest; sourceTree = BUILT_PRODUCTS_DIR; };
		3DF1F8B8279CFAAA00A7CE4D /* WordScrambleTests.swift */ = {isa = PBXFileReference; lastKnownFileType = sourcecode.swift; path = WordScrambleTests.swift; sourceTree = "<group>"; };
		3DF1F8BE279CFAAA00A7CE4D /* WordScrambleUITests.xctest */ = {isa = PBXFileReference; explicitFileType = wrapper.cfbundle; includeInIndex = 0; path = WordScrambleUITests.xctest; sourceTree = BUILT_PRODUCTS_DIR; };
		3DF1F8C2279CFAAA00A7CE4D /* WordScrambleUITests.swift */ = {isa = PBXFileReference; lastKnownFileType = sourcecode.swift; path = WordScrambleUITests.swift; sourceTree = "<group>"; };
		3DF1F8C4279CFAAA00A7CE4D /* WordScrambleUITestsLaunchTests.swift */ = {isa = PBXFileReference; lastKnownFileType = sourcecode.swift; path = WordScrambleUITestsLaunchTests.swift; sourceTree = "<group>"; };
		3DF1F8D1279CFBF500A7CE4D /* start.txt */ = {isa = PBXFileReference; fileEncoding = 4; lastKnownFileType = text; path = start.txt; sourceTree = "<group>"; };
/* End PBXFileReference section */

/* Begin PBXFrameworksBuildPhase section */
		3DF1F8A1279CFAA800A7CE4D /* Frameworks */ = {
			isa = PBXFrameworksBuildPhase;
			buildActionMask = 2147483647;
			files = (
			);
			runOnlyForDeploymentPostprocessing = 0;
		};
		3DF1F8B1279CFAAA00A7CE4D /* Frameworks */ = {
			isa = PBXFrameworksBuildPhase;
			buildActionMask = 2147483647;
			files = (
			);
			runOnlyForDeploymentPostprocessing = 0;
		};
		3DF1F8BB279CFAAA00A7CE4D /* Frameworks */ = {
			isa = PBXFrameworksBuildPhase;
			buildActionMask = 2147483647;
			files = (
			);
			runOnlyForDeploymentPostprocessing = 0;
		};
/* End PBXFrameworksBuildPhase section */

/* Begin PBXGroup section */
		3DF1F89B279CFAA800A7CE4D = {
			isa = PBXGroup;
			children = (
				3DF1F8A6279CFAA800A7CE4D /* WordScramble */,
				3DF1F8B7279CFAAA00A7CE4D /* WordScrambleTests */,
				3DF1F8C1279CFAAA00A7CE4D /* WordScrambleUITests */,
				3DF1F8A5279CFAA800A7CE4D /* Products */,
			);
			sourceTree = "<group>";
		};
		3DF1F8A5279CFAA800A7CE4D /* Products */ = {
			isa = PBXGroup;
			children = (
				3DF1F8A4279CFAA800A7CE4D /* WordScramble.app */,
				3DF1F8B4279CFAAA00A7CE4D /* WordScrambleTests.xctest */,
				3DF1F8BE279CFAAA00A7CE4D /* WordScrambleUITests.xctest */,
			);
			name = Products;
			sourceTree = "<group>";
		};
		3DF1F8A6279CFAA800A7CE4D /* WordScramble */ = {
			isa = PBXGroup;
			children = (
				3DF1F8A7279CFAA800A7CE4D /* WordScrambleApp.swift */,
				3DF1F8A9279CFAA800A7CE4D /* ContentView.swift */,
				3DF1F8D1279CFBF500A7CE4D /* start.txt */,
				3DF1F8AB279CFAA900A7CE4D /* Assets.xcassets */,
				3DF1F8AD279CFAA900A7CE4D /* Preview Content */,
			);
			path = WordScramble;
			sourceTree = "<group>";
		};
		3DF1F8AD279CFAA900A7CE4D /* Preview Content */ = {
			isa = PBXGroup;
			children = (
				3DF1F8AE279CFAA900A7CE4D /* Preview Assets.xcassets */,
			);
			path = "Preview Content";
			sourceTree = "<group>";
		};
		3DF1F8B7279CFAAA00A7CE4D /* WordScrambleTests */ = {
			isa = PBXGroup;
			children = (
				3DF1F8B8279CFAAA00A7CE4D /* WordScrambleTests.swift */,
			);
			path = WordScrambleTests;
			sourceTree = "<group>";
		};
		3DF1F8C1279CFAAA00A7CE4D /* WordScrambleUITests */ = {
			isa = PBXGroup;
			children = (
				3DF1F8C2279CFAAA00A7CE4D /* WordScrambleUITests.swift */,
				3DF1F8C4279CFAAA00A7CE4D /* WordScrambleUITestsLaunchTests.swift */,
			);
			path = WordScrambleUITests;
			sourceTree = "<group>";
		};
/* End PBXGroup section */

/* Begin PBXNativeTarget section */
		3DF1F8A3279CFAA800A7CE4D /* WordScramble */ = {
			isa = PBXNativeTarget;
			buildConfigurationList = 3DF1F8C8279CFAAA00A7CE4D /* Build configuration list for PBXNativeTarget "WordScramble" */;
			buildPhases = (
				3DF1F8A0279CFAA800A7CE4D /* Sources */,
				3DF1F8A1279CFAA800A7CE4D /* Frameworks */,
				3DF1F8A2279CFAA800A7CE4D /* Resources */,
			);
			buildRules = (
			);
			dependencies = (
			);
			name = WordScramble;
			productName = WordScramble;
			productReference = 3DF1F8A4279CFAA800A7CE4D /* WordScramble.app */;
			productType = "com.apple.product-type.application";
		};
		3DF1F8B3279CFAAA00A7CE4D /* WordScrambleTests */ = {
			isa = PBXNativeTarget;
			buildConfigurationList = 3DF1F8CB279CFAAA00A7CE4D /* Build configuration list for PBXNativeTarget "WordScrambleTests" */;
			buildPhases = (
				3DF1F8B0279CFAAA00A7CE4D /* Sources */,
				3DF1F8B1279CFAAA00A7CE4D /* Frameworks */,
				3DF1F8B2279CFAAA00A7CE4D /* Resources */,
			);
			buildRules = (
			);
			dependencies = (
				3DF1F8B6279CFAAA00A7CE4D /* PBXTargetDependency */,
			);
			name = WordScrambleTests;
			productName = WordScrambleTests;
			productReference = 3DF1F8B4279CFAAA00A7CE4D /* WordScrambleTests.xctest */;
			productType = "com.apple.product-type.bundle.unit-test";
		};
		3DF1F8BD279CFAAA00A7CE4D /* WordScrambleUITests */ = {
			isa = PBXNativeTarget;
			buildConfigurationList = 3DF1F8CE279CFAAA00A7CE4D /* Build configuration list for PBXNativeTarget "WordScrambleUITests" */;
			buildPhases = (
				3DF1F8BA279CFAAA00A7CE4D /* Sources */,
				3DF1F8BB279CFAAA00A7CE4D /* Frameworks */,
				3DF1F8BC279CFAAA00A7CE4D /* Resources */,
			);
			buildRules = (
			);
			dependencies = (
				3DF1F8C0279CFAAA00A7CE4D /* PBXTargetDependency */,
			);
			name = WordScrambleUITests;
			productName = WordScrambleUITests;
			productReference = 3DF1F8BE279CFAAA00A7CE4D /* WordScrambleUITests.xctest */;
			productType = "com.apple.product-type.bundle.ui-testing";
		};
/* End PBXNativeTarget section */

/* Begin PBXProject section */
		3DF1F89C279CFAA800A7CE4D /* Project object */ = {
			isa = PBXProject;
			attributes = {
				BuildIndependentTargetsInParallel = 1;
				LastSwiftUpdateCheck = 1320;
				LastUpgradeCheck = 1320;
				TargetAttributes = {
					3DF1F8A3279CFAA800A7CE4D = {
						CreatedOnToolsVersion = 13.2.1;
					};
					3DF1F8B3279CFAAA00A7CE4D = {
						CreatedOnToolsVersion = 13.2.1;
						TestTargetID = 3DF1F8A3279CFAA800A7CE4D;
					};
					3DF1F8BD279CFAAA00A7CE4D = {
						CreatedOnToolsVersion = 13.2.1;
						TestTargetID = 3DF1F8A3279CFAA800A7CE4D;
					};
				};
			};
			buildConfigurationList = 3DF1F89F279CFAA800A7CE4D /* Build configuration list for PBXProject "WordScramble" */;
			compatibilityVersion = "Xcode 13.0";
			developmentRegion = en;
			hasScannedForEncodings = 0;
			knownRegions = (
				en,
				Base,
			);
			mainGroup = 3DF1F89B279CFAA800A7CE4D;
			productRefGroup = 3DF1F8A5279CFAA800A7CE4D /* Products */;
			projectDirPath = "";
			projectRoot = "";
			targets = (
				3DF1F8A3279CFAA800A7CE4D /* WordScramble */,
				3DF1F8B3279CFAAA00A7CE4D /* WordScrambleTests */,
				3DF1F8BD279CFAAA00A7CE4D /* WordScrambleUITests */,
			);
		};
/* End PBXProject section */

/* Begin PBXResourcesBuildPhase section */
		3DF1F8A2279CFAA800A7CE4D /* Resources */ = {
			isa = PBXResourcesBuildPhase;
			buildActionMask = 2147483647;
			files = (
				3DF1F8AF279CFAA900A7CE4D /* Preview Assets.xcassets in Resources */,
				3DF1F8D2279CFBF500A7CE4D /* start.txt in Resources */,
				3DF1F8AC279CFAA900A7CE4D /* Assets.xcassets in Resources */,
			);
			runOnlyForDeploymentPostprocessing = 0;
		};
		3DF1F8B2279CFAAA00A7CE4D /* Resources */ = {
			isa = PBXResourcesBuildPhase;
			buildActionMask = 2147483647;
			files = (
			);
			runOnlyForDeploymentPostprocessing = 0;
		};
		3DF1F8BC279CFAAA00A7CE4D /* Resources */ = {
			isa = PBXResourcesBuildPhase;
			buildActionMask = 2147483647;
			files = (
			);
			runOnlyForDeploymentPostprocessing = 0;
		};
/* End PBXResourcesBuildPhase section */

/* Begin PBXSourcesBuildPhase section */
		3DF1F8A0279CFAA800A7CE4D /* Sources */ = {
			isa = PBXSourcesBuildPhase;
			buildActionMask = 2147483647;
			files = (
				3DF1F8AA279CFAA800A7CE4D /* ContentView.swift in Sources */,
				3DF1F8A8279CFAA800A7CE4D /* WordScrambleApp.swift in Sources */,
			);
			runOnlyForDeploymentPostprocessing = 0;
		};
		3DF1F8B0279CFAAA00A7CE4D /* Sources */ = {
			isa = PBXSourcesBuildPhase;
			buildActionMask = 2147483647;
			files = (
				3DF1F8B9279CFAAA00A7CE4D /* WordScrambleTests.swift in Sources */,
			);
			runOnlyForDeploymentPostprocessing = 0;
		};
		3DF1F8BA279CFAAA00A7CE4D /* Sources */ = {
			isa = PBXSourcesBuildPhase;
			buildActionMask = 2147483647;
			files = (
				3DF1F8C3279CFAAA00A7CE4D /* WordScrambleUITests.swift in Sources */,
				3DF1F8C5279CFAAA00A7CE4D /* WordScrambleUITestsLaunchTests.swift in Sources */,
			);
			runOnlyForDeploymentPostprocessing = 0;
		};
/* End PBXSourcesBuildPhase section */

/* Begin PBXTargetDependency section */
		3DF1F8B6279CFAAA00A7CE4D /* PBXTargetDependency */ = {
			isa = PBXTargetDependency;
			target = 3DF1F8A3279CFAA800A7CE4D /* WordScramble */;
			targetProxy = 3DF1F8B5279CFAAA00A7CE4D /* PBXContainerItemProxy */;
		};
		3DF1F8C0279CFAAA00A7CE4D /* PBXTargetDependency */ = {
			isa = PBXTargetDependency;
			target = 3DF1F8A3279CFAA800A7CE4D /* WordScramble */;
			targetProxy = 3DF1F8BF279CFAAA00A7CE4D /* PBXContainerItemProxy */;
		};
/* End PBXTargetDependency section */

/* Begin XCBuildConfiguration section */
		3DF1F8C6279CFAAA00A7CE4D /* Debug */ = {
			isa = XCBuildConfiguration;
			buildSettings = {
				ALWAYS_SEARCH_USER_PATHS = NO;
				CLANG_ANALYZER_NONNULL = YES;
				CLANG_ANALYZER_NUMBER_OBJECT_CONVERSION = YES_AGGRESSIVE;
				CLANG_CXX_LANGUAGE_STANDARD = "gnu++17";
				CLANG_CXX_LIBRARY = "libc++";
				CLANG_ENABLE_MODULES = YES;
				CLANG_ENABLE_OBJC_ARC = YES;
				CLANG_ENABLE_OBJC_WEAK = YES;
				CLANG_WARN_BLOCK_CAPTURE_AUTORELEASING = YES;
				CLANG_WARN_BOOL_CONVERSION = YES;
				CLANG_WARN_COMMA = YES;
				CLANG_WARN_CONSTANT_CONVERSION = YES;
				CLANG_WARN_DEPRECATED_OBJC_IMPLEMENTATIONS = YES;
				CLANG_WARN_DIRECT_OBJC_ISA_USAGE = YES_ERROR;
				CLANG_WARN_DOCUMENTATION_COMMENTS = YES;
				CLANG_WARN_EMPTY_BODY = YES;
				CLANG_WARN_ENUM_CONVERSION = YES;
				CLANG_WARN_INFINITE_RECURSION = YES;
				CLANG_WARN_INT_CONVERSION = YES;
				CLANG_WARN_NON_LITERAL_NULL_CONVERSION = YES;
				CLANG_WARN_OBJC_IMPLICIT_RETAIN_SELF = YES;
				CLANG_WARN_OBJC_LITERAL_CONVERSION = YES;
				CLANG_WARN_OBJC_ROOT_CLASS = YES_ERROR;
				CLANG_WARN_QUOTED_INCLUDE_IN_FRAMEWORK_HEADER = YES;
				CLANG_WARN_RANGE_LOOP_ANALYSIS = YES;
				CLANG_WARN_STRICT_PROTOTYPES = YES;
				CLANG_WARN_SUSPICIOUS_MOVE = YES;
				CLANG_WARN_UNGUARDED_AVAILABILITY = YES_AGGRESSIVE;
				CLANG_WARN_UNREACHABLE_CODE = YES;
				CLANG_WARN__DUPLICATE_METHOD_MATCH = YES;
				COPY_PHASE_STRIP = NO;
				DEBUG_INFORMATION_FORMAT = dwarf;
				ENABLE_STRICT_OBJC_MSGSEND = YES;
				ENABLE_TESTABILITY = YES;
				GCC_C_LANGUAGE_STANDARD = gnu11;
				GCC_DYNAMIC_NO_PIC = NO;
				GCC_NO_COMMON_BLOCKS = YES;
				GCC_OPTIMIZATION_LEVEL = 0;
				GCC_PREPROCESSOR_DEFINITIONS = (
					"DEBUG=1",
					"$(inherited)",
				);
				GCC_WARN_64_TO_32_BIT_CONVERSION = YES;
				GCC_WARN_ABOUT_RETURN_TYPE = YES_ERROR;
				GCC_WARN_UNDECLARED_SELECTOR = YES;
				GCC_WARN_UNINITIALIZED_AUTOS = YES_AGGRESSIVE;
				GCC_WARN_UNUSED_FUNCTION = YES;
				GCC_WARN_UNUSED_VARIABLE = YES;
				IPHONEOS_DEPLOYMENT_TARGET = 15.2;
				MTL_ENABLE_DEBUG_INFO = INCLUDE_SOURCE;
				MTL_FAST_MATH = YES;
				ONLY_ACTIVE_ARCH = YES;
				SDKROOT = iphoneos;
				SWIFT_ACTIVE_COMPILATION_CONDITIONS = DEBUG;
				SWIFT_OPTIMIZATION_LEVEL = "-Onone";
			};
			name = Debug;
		};
		3DF1F8C7279CFAAA00A7CE4D /* Release */ = {
			isa = XCBuildConfiguration;
			buildSettings = {
				ALWAYS_SEARCH_USER_PATHS = NO;
				CLANG_ANALYZER_NONNULL = YES;
				CLANG_ANALYZER_NUMBER_OBJECT_CONVERSION = YES_AGGRESSIVE;
				CLANG_CXX_LANGUAGE_STANDARD = "gnu++17";
				CLANG_CXX_LIBRARY = "libc++";
				CLANG_ENABLE_MODULES = YES;
				CLANG_ENABLE_OBJC_ARC = YES;
				CLANG_ENABLE_OBJC_WEAK = YES;
				CLANG_WARN_BLOCK_CAPTURE_AUTORELEASING = YES;
				CLANG_WARN_BOOL_CONVERSION = YES;
				CLANG_WARN_COMMA = YES;
				CLANG_WARN_CONSTANT_CONVERSION = YES;
				CLANG_WARN_DEPRECATED_OBJC_IMPLEMENTATIONS = YES;
				CLANG_WARN_DIRECT_OBJC_ISA_USAGE = YES_ERROR;
				CLANG_WARN_DOCUMENTATION_COMMENTS = YES;
				CLANG_WARN_EMPTY_BODY = YES;
				CLANG_WARN_ENUM_CONVERSION = YES;
				CLANG_WARN_INFINITE_RECURSION = YES;
				CLANG_WARN_INT_CONVERSION = YES;
				CLANG_WARN_NON_LITERAL_NULL_CONVERSION = YES;
				CLANG_WARN_OBJC_IMPLICIT_RETAIN_SELF = YES;
				CLANG_WARN_OBJC_LITERAL_CONVERSION = YES;
				CLANG_WARN_OBJC_ROOT_CLASS = YES_ERROR;
				CLANG_WARN_QUOTED_INCLUDE_IN_FRAMEWORK_HEADER = YES;
				CLANG_WARN_RANGE_LOOP_ANALYSIS = YES;
				CLANG_WARN_STRICT_PROTOTYPES = YES;
				CLANG_WARN_SUSPICIOUS_MOVE = YES;
				CLANG_WARN_UNGUARDED_AVAILABILITY = YES_AGGRESSIVE;
				CLANG_WARN_UNREACHABLE_CODE = YES;
				CLANG_WARN__DUPLICATE_METHOD_MATCH = YES;
				COPY_PHASE_STRIP = NO;
				DEBUG_INFORMATION_FORMAT = "dwarf-with-dsym";
				ENABLE_NS_ASSERTIONS = NO;
				ENABLE_STRICT_OBJC_MSGSEND = YES;
				GCC_C_LANGUAGE_STANDARD = gnu11;
				GCC_NO_COMMON_BLOCKS = YES;
				GCC_WARN_64_TO_32_BIT_CONVERSION = YES;
				GCC_WARN_ABOUT_RETURN_TYPE = YES_ERROR;
				GCC_WARN_UNDECLARED_SELECTOR = YES;
				GCC_WARN_UNINITIALIZED_AUTOS = YES_AGGRESSIVE;
				GCC_WARN_UNUSED_FUNCTION = YES;
				GCC_WARN_UNUSED_VARIABLE = YES;
				IPHONEOS_DEPLOYMENT_TARGET = 15.2;
				MTL_ENABLE_DEBUG_INFO = NO;
				MTL_FAST_MATH = YES;
				SDKROOT = iphoneos;
				SWIFT_COMPILATION_MODE = wholemodule;
				SWIFT_OPTIMIZATION_LEVEL = "-O";
				VALIDATE_PRODUCT = YES;
			};
			name = Release;
		};
		3DF1F8C9279CFAAA00A7CE4D /* Debug */ = {
			isa = XCBuildConfiguration;
			buildSettings = {
				ASSETCATALOG_COMPILER_APPICON_NAME = AppIcon;
				ASSETCATALOG_COMPILER_GLOBAL_ACCENT_COLOR_NAME = AccentColor;
				CODE_SIGN_STYLE = Automatic;
				CURRENT_PROJECT_VERSION = 1;
				DEVELOPMENT_ASSET_PATHS = "\"WordScramble/Preview Content\"";
				ENABLE_PREVIEWS = YES;
				GENERATE_INFOPLIST_FILE = YES;
				INFOPLIST_KEY_UIApplicationSceneManifest_Generation = YES;
				INFOPLIST_KEY_UIApplicationSupportsIndirectInputEvents = YES;
				INFOPLIST_KEY_UILaunchScreen_Generation = YES;
				INFOPLIST_KEY_UISupportedInterfaceOrientations_iPad = "UIInterfaceOrientationPortrait UIInterfaceOrientationPortraitUpsideDown UIInterfaceOrientationLandscapeLeft UIInterfaceOrientationLandscapeRight";
				INFOPLIST_KEY_UISupportedInterfaceOrientations_iPhone = "UIInterfaceOrientationPortrait UIInterfaceOrientationLandscapeLeft UIInterfaceOrientationLandscapeRight";
				LD_RUNPATH_SEARCH_PATHS = (
					"$(inherited)",
					"@executable_path/Frameworks",
				);
				MARKETING_VERSION = 1.0;
				PRODUCT_BUNDLE_IDENTIFIER = com.AnthonyOlukitibi.WordScramble;
				PRODUCT_NAME = "$(TARGET_NAME)";
				SWIFT_EMIT_LOC_STRINGS = YES;
				SWIFT_VERSION = 5.0;
				TARGETED_DEVICE_FAMILY = "1,2";
			};
			name = Debug;
		};
		3DF1F8CA279CFAAA00A7CE4D /* Release */ = {
			isa = XCBuildConfiguration;
			buildSettings = {
				ASSETCATALOG_COMPILER_APPICON_NAME = AppIcon;
				ASSETCATALOG_COMPILER_GLOBAL_ACCENT_COLOR_NAME = AccentColor;
				CODE_SIGN_STYLE = Automatic;
				CURRENT_PROJECT_VERSION = 1;
				DEVELOPMENT_ASSET_PATHS = "\"WordScramble/Preview Content\"";
				ENABLE_PREVIEWS = YES;
				GENERATE_INFOPLIST_FILE = YES;
				INFOPLIST_KEY_UIApplicationSceneManifest_Generation = YES;
				INFOPLIST_KEY_UIApplicationSupportsIndirectInputEvents = YES;
				INFOPLIST_KEY_UILaunchScreen_Generation = YES;
				INFOPLIST_KEY_UISupportedInterfaceOrientations_iPad = "UIInterfaceOrientationPortrait UIInterfaceOrientationPortraitUpsideDown UIInterfaceOrientationLandscapeLeft UIInterfaceOrientationLandscapeRight";
				INFOPLIST_KEY_UISupportedInterfaceOrientations_iPhone = "UIInterfaceOrientationPortrait UIInterfaceOrientationLandscapeLeft UIInterfaceOrientationLandscapeRight";
				LD_RUNPATH_SEARCH_PATHS = (
					"$(inherited)",
					"@executable_path/Frameworks",
				);
				MARKETING_VERSION = 1.0;
				PRODUCT_BUNDLE_IDENTIFIER = com.AnthonyOlukitibi.WordScramble;
				PRODUCT_NAME = "$(TARGET_NAME)";
				SWIFT_EMIT_LOC_STRINGS = YES;
				SWIFT_VERSION = 5.0;
				TARGETED_DEVICE_FAMILY = "1,2";
			};
			name = Release;
		};
		3DF1F8CC279CFAAA00A7CE4D /* Debug */ = {
			isa = XCBuildConfiguration;
			buildSettings = {
				ALWAYS_EMBED_SWIFT_STANDARD_LIBRARIES = YES;
				BUNDLE_LOADER = "$(TEST_HOST)";
				CODE_SIGN_STYLE = Automatic;
				CURRENT_PROJECT_VERSION = 1;
				GENERATE_INFOPLIST_FILE = YES;
				IPHONEOS_DEPLOYMENT_TARGET = 15.2;
				MARKETING_VERSION = 1.0;
				PRODUCT_BUNDLE_IDENTIFIER = com.AnthonyOlukitibi.WordScrambleTests;
				PRODUCT_NAME = "$(TARGET_NAME)";
				SWIFT_EMIT_LOC_STRINGS = NO;
				SWIFT_VERSION = 5.0;
				TARGETED_DEVICE_FAMILY = "1,2";
				TEST_HOST = "$(BUILT_PRODUCTS_DIR)/WordScramble.app/WordScramble";
			};
			name = Debug;
		};
		3DF1F8CD279CFAAA00A7CE4D /* Release */ = {
			isa = XCBuildConfiguration;
			buildSettings = {
				ALWAYS_EMBED_SWIFT_STANDARD_LIBRARIES = YES;
				BUNDLE_LOADER = "$(TEST_HOST)";
				CODE_SIGN_STYLE = Automatic;
				CURRENT_PROJECT_VERSION = 1;
				GENERATE_INFOPLIST_FILE = YES;
				IPHONEOS_DEPLOYMENT_TARGET = 15.2;
				MARKETING_VERSION = 1.0;
				PRODUCT_BUNDLE_IDENTIFIER = com.AnthonyOlukitibi.WordScrambleTests;
				PRODUCT_NAME = "$(TARGET_NAME)";
				SWIFT_EMIT_LOC_STRINGS = NO;
				SWIFT_VERSION = 5.0;
				TARGETED_DEVICE_FAMILY = "1,2";
				TEST_HOST = "$(BUILT_PRODUCTS_DIR)/WordScramble.app/WordScramble";
			};
			name = Release;
		};
		3DF1F8CF279CFAAA00A7CE4D /* Debug */ = {
			isa = XCBuildConfiguration;
			buildSettings = {
				ALWAYS_EMBED_SWIFT_STANDARD_LIBRARIES = YES;
				CODE_SIGN_STYLE = Automatic;
				CURRENT_PROJECT_VERSION = 1;
				GENERATE_INFOPLIST_FILE = YES;
				MARKETING_VERSION = 1.0;
				PRODUCT_BUNDLE_IDENTIFIER = com.AnthonyOlukitibi.WordScrambleUITests;
				PRODUCT_NAME = "$(TARGET_NAME)";
				SWIFT_EMIT_LOC_STRINGS = NO;
				SWIFT_VERSION = 5.0;
				TARGETED_DEVICE_FAMILY = "1,2";
				TEST_TARGET_NAME = WordScramble;
			};
			name = Debug;
		};
		3DF1F8D0279CFAAA00A7CE4D /* Release */ = {
			isa = XCBuildConfiguration;
			buildSettings = {
				ALWAYS_EMBED_SWIFT_STANDARD_LIBRARIES = YES;
				CODE_SIGN_STYLE = Automatic;
				CURRENT_PROJECT_VERSION = 1;
				GENERATE_INFOPLIST_FILE = YES;
				MARKETING_VERSION = 1.0;
				PRODUCT_BUNDLE_IDENTIFIER = com.AnthonyOlukitibi.WordScrambleUITests;
				PRODUCT_NAME = "$(TARGET_NAME)";
				SWIFT_EMIT_LOC_STRINGS = NO;
				SWIFT_VERSION = 5.0;
				TARGETED_DEVICE_FAMILY = "1,2";
				TEST_TARGET_NAME = WordScramble;
			};
			name = Release;
		};
/* End XCBuildConfiguration section */

/* Begin XCConfigurationList section */
		3DF1F89F279CFAA800A7CE4D /* Build configuration list for PBXProject "WordScramble" */ = {
			isa = XCConfigurationList;
			buildConfigurations = (
				3DF1F8C6279CFAAA00A7CE4D /* Debug */,
				3DF1F8C7279CFAAA00A7CE4D /* Release */,
			);
			defaultConfigurationIsVisible = 0;
			defaultConfigurationName = Release;
		};
		3DF1F8C8279CFAAA00A7CE4D /* Build configuration list for PBXNativeTarget "WordScramble" */ = {
			isa = XCConfigurationList;
			buildConfigurations = (
				3DF1F8C9279CFAAA00A7CE4D /* Debug */,
				3DF1F8CA279CFAAA00A7CE4D /* Release */,
			);
			defaultConfigurationIsVisible = 0;
			defaultConfigurationName = Release;
		};
		3DF1F8CB279CFAAA00A7CE4D /* Build configuration list for PBXNativeTarget "WordScrambleTests" */ = {
			isa = XCConfigurationList;
			buildConfigurations = (
				3DF1F8CC279CFAAA00A7CE4D /* Debug */,
				3DF1F8CD279CFAAA00A7CE4D /* Release */,
			);
			defaultConfigurationIsVisible = 0;
			defaultConfigurationName = Release;
		};
		3DF1F8CE279CFAAA00A7CE4D /* Build configuration list for PBXNativeTarget "WordScrambleUITests" */ = {
			isa = XCConfigurationList;
			buildConfigurations = (
				3DF1F8CF279CFAAA00A7CE4D /* Debug */,
				3DF1F8D0279CFAAA00A7CE4D /* Release */,
			);
			defaultConfigurationIsVisible = 0;
			defaultConfigurationName = Release;
		};
/* End XCConfigurationList section */
	};
	rootObject = 3DF1F89C279CFAA800A7CE4D /* Project object */;
}
